// !$*UTF8*$!
{
	archiveVersion = 1;
	classes = {
	};
	objectVersion = 50;
	objects = {

/* Begin PBXBuildFile section */
		54EA7C6A23BD96640017EA97 /* now-playing-shortcut WatchKit App.app in Embed Watch Content */ = {isa = PBXBuildFile; fileRef = 54EA7C6923BD96640017EA97 /* now-playing-shortcut WatchKit App.app */; settings = {ATTRIBUTES = (RemoveHeadersOnCopy, ); }; };
		54EA7C7023BD96640017EA97 /* Interface.storyboard in Resources */ = {isa = PBXBuildFile; fileRef = 54EA7C6E23BD96640017EA97 /* Interface.storyboard */; };
		54EA7C7223BD96660017EA97 /* Assets.xcassets in Resources */ = {isa = PBXBuildFile; fileRef = 54EA7C7123BD96660017EA97 /* Assets.xcassets */; };
		54EA7C7923BD96660017EA97 /* now-playing-shortcut WatchKit Extension.appex in Embed App Extensions */ = {isa = PBXBuildFile; fileRef = 54EA7C7823BD96660017EA97 /* now-playing-shortcut WatchKit Extension.appex */; settings = {ATTRIBUTES = (RemoveHeadersOnCopy, ); }; };
		54EA7C7E23BD96660017EA97 /* InterfaceController.swift in Sources */ = {isa = PBXBuildFile; fileRef = 54EA7C7D23BD96660017EA97 /* InterfaceController.swift */; };
		54EA7C8023BD96660017EA97 /* ExtensionDelegate.swift in Sources */ = {isa = PBXBuildFile; fileRef = 54EA7C7F23BD96660017EA97 /* ExtensionDelegate.swift */; };
		54EA7C8223BD96660017EA97 /* ComplicationController.swift in Sources */ = {isa = PBXBuildFile; fileRef = 54EA7C8123BD96660017EA97 /* ComplicationController.swift */; };
		54EA7C8423BD96670017EA97 /* Assets.xcassets in Resources */ = {isa = PBXBuildFile; fileRef = 54EA7C8323BD96670017EA97 /* Assets.xcassets */; };
/* End PBXBuildFile section */

/* Begin PBXContainerItemProxy section */
		54EA7C6B23BD96640017EA97 /* PBXContainerItemProxy */ = {
			isa = PBXContainerItemProxy;
			containerPortal = 54EA7C5F23BD96640017EA97 /* Project object */;
			proxyType = 1;
			remoteGlobalIDString = 54EA7C6823BD96640017EA97;
			remoteInfo = "now-playing-shortcut WatchKit App";
		};
		54EA7C7A23BD96660017EA97 /* PBXContainerItemProxy */ = {
			isa = PBXContainerItemProxy;
			containerPortal = 54EA7C5F23BD96640017EA97 /* Project object */;
			proxyType = 1;
			remoteGlobalIDString = 54EA7C7723BD96660017EA97;
			remoteInfo = "now-playing-shortcut WatchKit Extension";
		};
/* End PBXContainerItemProxy section */

/* Begin PBXCopyFilesBuildPhase section */
		54EA7C8B23BD96670017EA97 /* Embed App Extensions */ = {
			isa = PBXCopyFilesBuildPhase;
			buildActionMask = 2147483647;
			dstPath = "";
			dstSubfolderSpec = 13;
			files = (
				54EA7C7923BD96660017EA97 /* now-playing-shortcut WatchKit Extension.appex in Embed App Extensions */,
			);
			name = "Embed App Extensions";
			runOnlyForDeploymentPostprocessing = 0;
		};
		54EA7C8F23BD96670017EA97 /* Embed Watch Content */ = {
			isa = PBXCopyFilesBuildPhase;
			buildActionMask = 2147483647;
			dstPath = "$(CONTENTS_FOLDER_PATH)/Watch";
			dstSubfolderSpec = 16;
			files = (
				54EA7C6A23BD96640017EA97 /* now-playing-shortcut WatchKit App.app in Embed Watch Content */,
			);
			name = "Embed Watch Content";
			runOnlyForDeploymentPostprocessing = 0;
		};
/* End PBXCopyFilesBuildPhase section */

/* Begin PBXFileReference section */
		54EA7C6523BD96640017EA97 /* now-playing-shortcut.app */ = {isa = PBXFileReference; explicitFileType = wrapper.application; includeInIndex = 0; path = "now-playing-shortcut.app"; sourceTree = BUILT_PRODUCTS_DIR; };
		54EA7C6923BD96640017EA97 /* now-playing-shortcut WatchKit App.app */ = {isa = PBXFileReference; explicitFileType = wrapper.application; includeInIndex = 0; path = "now-playing-shortcut WatchKit App.app"; sourceTree = BUILT_PRODUCTS_DIR; };
		54EA7C6F23BD96640017EA97 /* Base */ = {isa = PBXFileReference; lastKnownFileType = file.storyboard; name = Base; path = Base.lproj/Interface.storyboard; sourceTree = "<group>"; };
		54EA7C7123BD96660017EA97 /* Assets.xcassets */ = {isa = PBXFileReference; lastKnownFileType = folder.assetcatalog; path = Assets.xcassets; sourceTree = "<group>"; };
		54EA7C7323BD96660017EA97 /* Info.plist */ = {isa = PBXFileReference; lastKnownFileType = text.plist.xml; path = Info.plist; sourceTree = "<group>"; };
		54EA7C7823BD96660017EA97 /* now-playing-shortcut WatchKit Extension.appex */ = {isa = PBXFileReference; explicitFileType = "wrapper.app-extension"; includeInIndex = 0; path = "now-playing-shortcut WatchKit Extension.appex"; sourceTree = BUILT_PRODUCTS_DIR; };
		54EA7C7D23BD96660017EA97 /* InterfaceController.swift */ = {isa = PBXFileReference; lastKnownFileType = sourcecode.swift; path = InterfaceController.swift; sourceTree = "<group>"; };
		54EA7C7F23BD96660017EA97 /* ExtensionDelegate.swift */ = {isa = PBXFileReference; lastKnownFileType = sourcecode.swift; path = ExtensionDelegate.swift; sourceTree = "<group>"; };
		54EA7C8123BD96660017EA97 /* ComplicationController.swift */ = {isa = PBXFileReference; lastKnownFileType = sourcecode.swift; path = ComplicationController.swift; sourceTree = "<group>"; };
		54EA7C8323BD96670017EA97 /* Assets.xcassets */ = {isa = PBXFileReference; lastKnownFileType = folder.assetcatalog; path = Assets.xcassets; sourceTree = "<group>"; };
		54EA7C8523BD96670017EA97 /* Info.plist */ = {isa = PBXFileReference; lastKnownFileType = text.plist.xml; path = Info.plist; sourceTree = "<group>"; };
/* End PBXFileReference section */

/* Begin PBXFrameworksBuildPhase section */
		54EA7C7523BD96660017EA97 /* Frameworks */ = {
			isa = PBXFrameworksBuildPhase;
			buildActionMask = 2147483647;
			files = (
			);
			runOnlyForDeploymentPostprocessing = 0;
		};
/* End PBXFrameworksBuildPhase section */

/* Begin PBXGroup section */
		54EA7C5E23BD96640017EA97 = {
			isa = PBXGroup;
			children = (
				54EA7C6D23BD96640017EA97 /* now-playing-shortcut WatchKit App */,
				54EA7C7C23BD96660017EA97 /* now-playing-shortcut WatchKit Extension */,
				54EA7C6623BD96640017EA97 /* Products */,
			);
			sourceTree = "<group>";
		};
		54EA7C6623BD96640017EA97 /* Products */ = {
			isa = PBXGroup;
			children = (
				54EA7C6523BD96640017EA97 /* now-playing-shortcut.app */,
				54EA7C6923BD96640017EA97 /* now-playing-shortcut WatchKit App.app */,
				54EA7C7823BD96660017EA97 /* now-playing-shortcut WatchKit Extension.appex */,
			);
			name = Products;
			sourceTree = "<group>";
		};
		54EA7C6D23BD96640017EA97 /* now-playing-shortcut WatchKit App */ = {
			isa = PBXGroup;
			children = (
				54EA7C6E23BD96640017EA97 /* Interface.storyboard */,
				54EA7C7123BD96660017EA97 /* Assets.xcassets */,
				54EA7C7323BD96660017EA97 /* Info.plist */,
			);
			path = "now-playing-shortcut WatchKit App";
			sourceTree = "<group>";
		};
		54EA7C7C23BD96660017EA97 /* now-playing-shortcut WatchKit Extension */ = {
			isa = PBXGroup;
			children = (
				54EA7C7D23BD96660017EA97 /* InterfaceController.swift */,
				54EA7C7F23BD96660017EA97 /* ExtensionDelegate.swift */,
				54EA7C8123BD96660017EA97 /* ComplicationController.swift */,
				54EA7C8323BD96670017EA97 /* Assets.xcassets */,
				54EA7C8523BD96670017EA97 /* Info.plist */,
			);
			path = "now-playing-shortcut WatchKit Extension";
			sourceTree = "<group>";
		};
/* End PBXGroup section */

/* Begin PBXNativeTarget section */
		54EA7C6423BD96640017EA97 /* now-playing-shortcut */ = {
			isa = PBXNativeTarget;
			buildConfigurationList = 54EA7C9023BD96670017EA97 /* Build configuration list for PBXNativeTarget "now-playing-shortcut" */;
			buildPhases = (
				54EA7C6323BD96640017EA97 /* Resources */,
				54EA7C8F23BD96670017EA97 /* Embed Watch Content */,
			);
			buildRules = (
			);
			dependencies = (
				54EA7C6C23BD96640017EA97 /* PBXTargetDependency */,
			);
			name = "now-playing-shortcut";
			productName = "now-playing-shortcut";
			productReference = 54EA7C6523BD96640017EA97 /* now-playing-shortcut.app */;
			productType = "com.apple.product-type.application.watchapp2-container";
		};
		54EA7C6823BD96640017EA97 /* now-playing-shortcut WatchKit App */ = {
			isa = PBXNativeTarget;
			buildConfigurationList = 54EA7C8C23BD96670017EA97 /* Build configuration list for PBXNativeTarget "now-playing-shortcut WatchKit App" */;
			buildPhases = (
				54EA7C6723BD96640017EA97 /* Resources */,
				54EA7C8B23BD96670017EA97 /* Embed App Extensions */,
			);
			buildRules = (
			);
			dependencies = (
				54EA7C7B23BD96660017EA97 /* PBXTargetDependency */,
			);
			name = "now-playing-shortcut WatchKit App";
			productName = "now-playing-shortcut WatchKit App";
			productReference = 54EA7C6923BD96640017EA97 /* now-playing-shortcut WatchKit App.app */;
			productType = "com.apple.product-type.application.watchapp2";
		};
		54EA7C7723BD96660017EA97 /* now-playing-shortcut WatchKit Extension */ = {
			isa = PBXNativeTarget;
			buildConfigurationList = 54EA7C8823BD96670017EA97 /* Build configuration list for PBXNativeTarget "now-playing-shortcut WatchKit Extension" */;
			buildPhases = (
				54EA7C7423BD96660017EA97 /* Sources */,
				54EA7C7523BD96660017EA97 /* Frameworks */,
				54EA7C7623BD96660017EA97 /* Resources */,
			);
			buildRules = (
			);
			dependencies = (
			);
			name = "now-playing-shortcut WatchKit Extension";
			productName = "now-playing-shortcut WatchKit Extension";
			productReference = 54EA7C7823BD96660017EA97 /* now-playing-shortcut WatchKit Extension.appex */;
			productType = "com.apple.product-type.watchkit2-extension";
		};
/* End PBXNativeTarget section */

/* Begin PBXProject section */
		54EA7C5F23BD96640017EA97 /* Project object */ = {
			isa = PBXProject;
			attributes = {
				LastSwiftUpdateCheck = 1130;
				LastUpgradeCheck = 1130;
				ORGANIZATIONNAME = "Dylan Owen";
				TargetAttributes = {
					54EA7C6423BD96640017EA97 = {
						CreatedOnToolsVersion = 11.3;
					};
					54EA7C6823BD96640017EA97 = {
						CreatedOnToolsVersion = 11.3;
					};
					54EA7C7723BD96660017EA97 = {
						CreatedOnToolsVersion = 11.3;
					};
				};
			};
			buildConfigurationList = 54EA7C6223BD96640017EA97 /* Build configuration list for PBXProject "now-playing-shortcut" */;
			compatibilityVersion = "Xcode 9.3";
			developmentRegion = en;
			hasScannedForEncodings = 0;
			knownRegions = (
				en,
				Base,
			);
			mainGroup = 54EA7C5E23BD96640017EA97;
			productRefGroup = 54EA7C6623BD96640017EA97 /* Products */;
			projectDirPath = "";
			projectRoot = "";
			targets = (
				54EA7C6423BD96640017EA97 /* now-playing-shortcut */,
				54EA7C6823BD96640017EA97 /* now-playing-shortcut WatchKit App */,
				54EA7C7723BD96660017EA97 /* now-playing-shortcut WatchKit Extension */,
			);
		};
/* End PBXProject section */

/* Begin PBXResourcesBuildPhase section */
		54EA7C6323BD96640017EA97 /* Resources */ = {
			isa = PBXResourcesBuildPhase;
			buildActionMask = 2147483647;
			files = (
			);
			runOnlyForDeploymentPostprocessing = 0;
		};
		54EA7C6723BD96640017EA97 /* Resources */ = {
			isa = PBXResourcesBuildPhase;
			buildActionMask = 2147483647;
			files = (
				54EA7C7223BD96660017EA97 /* Assets.xcassets in Resources */,
				54EA7C7023BD96640017EA97 /* Interface.storyboard in Resources */,
			);
			runOnlyForDeploymentPostprocessing = 0;
		};
		54EA7C7623BD96660017EA97 /* Resources */ = {
			isa = PBXResourcesBuildPhase;
			buildActionMask = 2147483647;
			files = (
				54EA7C8423BD96670017EA97 /* Assets.xcassets in Resources */,
			);
			runOnlyForDeploymentPostprocessing = 0;
		};
/* End PBXResourcesBuildPhase section */

/* Begin PBXSourcesBuildPhase section */
		54EA7C7423BD96660017EA97 /* Sources */ = {
			isa = PBXSourcesBuildPhase;
			buildActionMask = 2147483647;
			files = (
				54EA7C8023BD96660017EA97 /* ExtensionDelegate.swift in Sources */,
				54EA7C7E23BD96660017EA97 /* InterfaceController.swift in Sources */,
				54EA7C8223BD96660017EA97 /* ComplicationController.swift in Sources */,
			);
			runOnlyForDeploymentPostprocessing = 0;
		};
/* End PBXSourcesBuildPhase section */

/* Begin PBXTargetDependency section */
		54EA7C6C23BD96640017EA97 /* PBXTargetDependency */ = {
			isa = PBXTargetDependency;
			target = 54EA7C6823BD96640017EA97 /* now-playing-shortcut WatchKit App */;
			targetProxy = 54EA7C6B23BD96640017EA97 /* PBXContainerItemProxy */;
		};
		54EA7C7B23BD96660017EA97 /* PBXTargetDependency */ = {
			isa = PBXTargetDependency;
			target = 54EA7C7723BD96660017EA97 /* now-playing-shortcut WatchKit Extension */;
			targetProxy = 54EA7C7A23BD96660017EA97 /* PBXContainerItemProxy */;
		};
/* End PBXTargetDependency section */

/* Begin PBXVariantGroup section */
		54EA7C6E23BD96640017EA97 /* Interface.storyboard */ = {
			isa = PBXVariantGroup;
			children = (
				54EA7C6F23BD96640017EA97 /* Base */,
			);
			name = Interface.storyboard;
			sourceTree = "<group>";
		};
/* End PBXVariantGroup section */

/* Begin XCBuildConfiguration section */
		54EA7C8623BD96670017EA97 /* Debug */ = {
			isa = XCBuildConfiguration;
			buildSettings = {
				ALWAYS_SEARCH_USER_PATHS = NO;
				CLANG_ANALYZER_NONNULL = YES;
				CLANG_ANALYZER_NUMBER_OBJECT_CONVERSION = YES_AGGRESSIVE;
				CLANG_CXX_LANGUAGE_STANDARD = "gnu++14";
				CLANG_CXX_LIBRARY = "libc++";
				CLANG_ENABLE_MODULES = YES;
				CLANG_ENABLE_OBJC_ARC = YES;
				CLANG_ENABLE_OBJC_WEAK = YES;
				CLANG_WARN_BLOCK_CAPTURE_AUTORELEASING = YES;
				CLANG_WARN_BOOL_CONVERSION = YES;
				CLANG_WARN_COMMA = YES;
				CLANG_WARN_CONSTANT_CONVERSION = YES;
				CLANG_WARN_DEPRECATED_OBJC_IMPLEMENTATIONS = YES;
				CLANG_WARN_DIRECT_OBJC_ISA_USAGE = YES_ERROR;
				CLANG_WARN_DOCUMENTATION_COMMENTS = YES;
				CLANG_WARN_EMPTY_BODY = YES;
				CLANG_WARN_ENUM_CONVERSION = YES;
				CLANG_WARN_INFINITE_RECURSION = YES;
				CLANG_WARN_INT_CONVERSION = YES;
				CLANG_WARN_NON_LITERAL_NULL_CONVERSION = YES;
				CLANG_WARN_OBJC_IMPLICIT_RETAIN_SELF = YES;
				CLANG_WARN_OBJC_LITERAL_CONVERSION = YES;
				CLANG_WARN_OBJC_ROOT_CLASS = YES_ERROR;
				CLANG_WARN_RANGE_LOOP_ANALYSIS = YES;
				CLANG_WARN_STRICT_PROTOTYPES = YES;
				CLANG_WARN_SUSPICIOUS_MOVE = YES;
				CLANG_WARN_UNGUARDED_AVAILABILITY = YES_AGGRESSIVE;
				CLANG_WARN_UNREACHABLE_CODE = YES;
				CLANG_WARN__DUPLICATE_METHOD_MATCH = YES;
				COPY_PHASE_STRIP = NO;
				DEBUG_INFORMATION_FORMAT = dwarf;
				ENABLE_STRICT_OBJC_MSGSEND = YES;
				ENABLE_TESTABILITY = YES;
				GCC_C_LANGUAGE_STANDARD = gnu11;
				GCC_DYNAMIC_NO_PIC = NO;
				GCC_NO_COMMON_BLOCKS = YES;
				GCC_OPTIMIZATION_LEVEL = 0;
				GCC_PREPROCESSOR_DEFINITIONS = (
					"DEBUG=1",
					"$(inherited)",
				);
				GCC_WARN_64_TO_32_BIT_CONVERSION = YES;
				GCC_WARN_ABOUT_RETURN_TYPE = YES_ERROR;
				GCC_WARN_UNDECLARED_SELECTOR = YES;
				GCC_WARN_UNINITIALIZED_AUTOS = YES_AGGRESSIVE;
				GCC_WARN_UNUSED_FUNCTION = YES;
				GCC_WARN_UNUSED_VARIABLE = YES;
				MTL_ENABLE_DEBUG_INFO = INCLUDE_SOURCE;
				MTL_FAST_MATH = YES;
				ONLY_ACTIVE_ARCH = YES;
				SDKROOT = iphoneos;
				SWIFT_ACTIVE_COMPILATION_CONDITIONS = DEBUG;
				SWIFT_OPTIMIZATION_LEVEL = "-Onone";
			};
			name = Debug;
		};
		54EA7C8723BD96670017EA97 /* Release */ = {
			isa = XCBuildConfiguration;
			buildSettings = {
				ALWAYS_SEARCH_USER_PATHS = NO;
				CLANG_ANALYZER_NONNULL = YES;
				CLANG_ANALYZER_NUMBER_OBJECT_CONVERSION = YES_AGGRESSIVE;
				CLANG_CXX_LANGUAGE_STANDARD = "gnu++14";
				CLANG_CXX_LIBRARY = "libc++";
				CLANG_ENABLE_MODULES = YES;
				CLANG_ENABLE_OBJC_ARC = YES;
				CLANG_ENABLE_OBJC_WEAK = YES;
				CLANG_WARN_BLOCK_CAPTURE_AUTORELEASING = YES;
				CLANG_WARN_BOOL_CONVERSION = YES;
				CLANG_WARN_COMMA = YES;
				CLANG_WARN_CONSTANT_CONVERSION = YES;
				CLANG_WARN_DEPRECATED_OBJC_IMPLEMENTATIONS = YES;
				CLANG_WARN_DIRECT_OBJC_ISA_USAGE = YES_ERROR;
				CLANG_WARN_DOCUMENTATION_COMMENTS = YES;
				CLANG_WARN_EMPTY_BODY = YES;
				CLANG_WARN_ENUM_CONVERSION = YES;
				CLANG_WARN_INFINITE_RECURSION = YES;
				CLANG_WARN_INT_CONVERSION = YES;
				CLANG_WARN_NON_LITERAL_NULL_CONVERSION = YES;
				CLANG_WARN_OBJC_IMPLICIT_RETAIN_SELF = YES;
				CLANG_WARN_OBJC_LITERAL_CONVERSION = YES;
				CLANG_WARN_OBJC_ROOT_CLASS = YES_ERROR;
				CLANG_WARN_RANGE_LOOP_ANALYSIS = YES;
				CLANG_WARN_STRICT_PROTOTYPES = YES;
				CLANG_WARN_SUSPICIOUS_MOVE = YES;
				CLANG_WARN_UNGUARDED_AVAILABILITY = YES_AGGRESSIVE;
				CLANG_WARN_UNREACHABLE_CODE = YES;
				CLANG_WARN__DUPLICATE_METHOD_MATCH = YES;
				COPY_PHASE_STRIP = NO;
				DEBUG_INFORMATION_FORMAT = "dwarf-with-dsym";
				ENABLE_NS_ASSERTIONS = NO;
				ENABLE_STRICT_OBJC_MSGSEND = YES;
				GCC_C_LANGUAGE_STANDARD = gnu11;
				GCC_NO_COMMON_BLOCKS = YES;
				GCC_WARN_64_TO_32_BIT_CONVERSION = YES;
				GCC_WARN_ABOUT_RETURN_TYPE = YES_ERROR;
				GCC_WARN_UNDECLARED_SELECTOR = YES;
				GCC_WARN_UNINITIALIZED_AUTOS = YES_AGGRESSIVE;
				GCC_WARN_UNUSED_FUNCTION = YES;
				GCC_WARN_UNUSED_VARIABLE = YES;
				MTL_ENABLE_DEBUG_INFO = NO;
				MTL_FAST_MATH = YES;
				SDKROOT = iphoneos;
				SWIFT_COMPILATION_MODE = wholemodule;
				SWIFT_OPTIMIZATION_LEVEL = "-O";
				VALIDATE_PRODUCT = YES;
			};
			name = Release;
		};
		54EA7C8923BD96670017EA97 /* Debug */ = {
			isa = XCBuildConfiguration;
			buildSettings = {
				ASSETCATALOG_COMPILER_COMPLICATION_NAME = Complication;
				CODE_SIGN_STYLE = Automatic;
				DEVELOPMENT_TEAM = ZXDMRALBK7;
				INFOPLIST_FILE = "now-playing-shortcut WatchKit Extension/Info.plist";
				LD_RUNPATH_SEARCH_PATHS = (
					"$(inherited)",
					"@executable_path/Frameworks",
					"@executable_path/../../Frameworks",
				);
				PRODUCT_BUNDLE_IDENTIFIER = "com.dylowen.now-playing-shortcut.watchkitapp.watchkitextension";
				PRODUCT_NAME = "${TARGET_NAME}";
				SDKROOT = watchos;
				SKIP_INSTALL = YES;
				SWIFT_VERSION = 5.0;
				TARGETED_DEVICE_FAMILY = 4;
				WATCHOS_DEPLOYMENT_TARGET = 6.1;
			};
			name = Debug;
		};
		54EA7C8A23BD96670017EA97 /* Release */ = {
			isa = XCBuildConfiguration;
			buildSettings = {
				ASSETCATALOG_COMPILER_COMPLICATION_NAME = Complication;
				CODE_SIGN_STYLE = Automatic;
				DEVELOPMENT_TEAM = ZXDMRALBK7;
				INFOPLIST_FILE = "now-playing-shortcut WatchKit Extension/Info.plist";
				LD_RUNPATH_SEARCH_PATHS = (
					"$(inherited)",
					"@executable_path/Frameworks",
					"@executable_path/../../Frameworks",
				);
				PRODUCT_BUNDLE_IDENTIFIER = "com.dylowen.now-playing-shortcut.watchkitapp.watchkitextension";
				PRODUCT_NAME = "${TARGET_NAME}";
				SDKROOT = watchos;
				SKIP_INSTALL = YES;
				SWIFT_VERSION = 5.0;
				TARGETED_DEVICE_FAMILY = 4;
				WATCHOS_DEPLOYMENT_TARGET = 6.1;
			};
			name = Release;
		};
		54EA7C8D23BD96670017EA97 /* Debug */ = {
			isa = XCBuildConfiguration;
			buildSettings = {
				ALWAYS_EMBED_SWIFT_STANDARD_LIBRARIES = YES;
				ASSETCATALOG_COMPILER_APPICON_NAME = AppIcon;
				CODE_SIGN_STYLE = Automatic;
				DEVELOPMENT_TEAM = ZXDMRALBK7;
				IBSC_MODULE = now_playing_shortcut_WatchKit_Extension;
				INFOPLIST_FILE = "now-playing-shortcut WatchKit App/Info.plist";
				PRODUCT_BUNDLE_IDENTIFIER = "com.dylowen.now-playing-shortcut.watchkitapp";
				PRODUCT_NAME = "$(TARGET_NAME)";
				SDKROOT = watchos;
				SKIP_INSTALL = YES;
				SWIFT_VERSION = 5.0;
				TARGETED_DEVICE_FAMILY = 4;
				WATCHOS_DEPLOYMENT_TARGET = 6.1;
			};
			name = Debug;
		};
		54EA7C8E23BD96670017EA97 /* Release */ = {
			isa = XCBuildConfiguration;
			buildSettings = {
				ALWAYS_EMBED_SWIFT_STANDARD_LIBRARIES = YES;
				ASSETCATALOG_COMPILER_APPICON_NAME = AppIcon;
				CODE_SIGN_STYLE = Automatic;
				DEVELOPMENT_TEAM = ZXDMRALBK7;
				IBSC_MODULE = now_playing_shortcut_WatchKit_Extension;
				INFOPLIST_FILE = "now-playing-shortcut WatchKit App/Info.plist";
				PRODUCT_BUNDLE_IDENTIFIER = "com.dylowen.now-playing-shortcut.watchkitapp";
				PRODUCT_NAME = "$(TARGET_NAME)";
				SDKROOT = watchos;
				SKIP_INSTALL = YES;
				SWIFT_VERSION = 5.0;
				TARGETED_DEVICE_FAMILY = 4;
				WATCHOS_DEPLOYMENT_TARGET = 6.1;
			};
			name = Release;
		};
		54EA7C9123BD96670017EA97 /* Debug */ = {
			isa = XCBuildConfiguration;
			buildSettings = {
				CODE_SIGN_STYLE = Automatic;
				CURRENT_PROJECT_VERSION = 1;
				DEVELOPMENT_TEAM = ZXDMRALBK7;
				MARKETING_VERSION = 1.0;
				PRODUCT_BUNDLE_IDENTIFIER = "com.dylowen.now-playing-shortcut";
				PRODUCT_NAME = "$(TARGET_NAME)";
				SWIFT_VERSION = 5.0;
			};
			name = Debug;
		};
		54EA7C9223BD96670017EA97 /* Release */ = {
			isa = XCBuildConfiguration;
			buildSettings = {
				CODE_SIGN_STYLE = Automatic;
				CURRENT_PROJECT_VERSION = 1;
				DEVELOPMENT_TEAM = ZXDMRALBK7;
				MARKETING_VERSION = 1.0;
				PRODUCT_BUNDLE_IDENTIFIER = "com.dylowen.now-playing-shortcut";
				PRODUCT_NAME = "$(TARGET_NAME)";
				SWIFT_VERSION = 5.0;
			};
			name = Release;
		};
/* End XCBuildConfiguration section */

/* Begin XCConfigurationList section */
		54EA7C6223BD96640017EA97 /* Build configuration list for PBXProject "now-playing-shortcut" */ = {
			isa = XCConfigurationList;
			buildConfigurations = (
				54EA7C8623BD96670017EA97 /* Debug */,
				54EA7C8723BD96670017EA97 /* Release */,
			);
			defaultConfigurationIsVisible = 0;
			defaultConfigurationName = Release;
		};
		54EA7C8823BD96670017EA97 /* Build configuration list for PBXNativeTarget "now-playing-shortcut WatchKit Extension" */ = {
			isa = XCConfigurationList;
			buildConfigurations = (
				54EA7C8923BD96670017EA97 /* Debug */,
				54EA7C8A23BD96670017EA97 /* Release */,
			);
			defaultConfigurationIsVisible = 0;
			defaultConfigurationName = Release;
		};
		54EA7C8C23BD96670017EA97 /* Build configuration list for PBXNativeTarget "now-playing-shortcut WatchKit App" */ = {
			isa = XCConfigurationList;
			buildConfigurations = (
				54EA7C8D23BD96670017EA97 /* Debug */,
				54EA7C8E23BD96670017EA97 /* Release */,
			);
			defaultConfigurationIsVisible = 0;
			defaultConfigurationName = Release;
		};
		54EA7C9023BD96670017EA97 /* Build configuration list for PBXNativeTarget "now-playing-shortcut" */ = {
			isa = XCConfigurationList;
			buildConfigurations = (
				54EA7C9123BD96670017EA97 /* Debug */,
				54EA7C9223BD96670017EA97 /* Release */,
			);
			defaultConfigurationIsVisible = 0;
			defaultConfigurationName = Release;
		};
/* End XCConfigurationList section */
	};
	rootObject = 54EA7C5F23BD96640017EA97 /* Project object */;
}
